{
    "name": "style-objects",
    "version": "0.2.2",
    "lockfileVersion": 1,
    "requires": true,
    "dependencies": {
        "compose-functions": {
            "version": "github:sekwiatkowski/compose-functions#6e768b3ecc9483078296e18467357d41c793afcd",
            "from": "github:sekwiatkowski/compose-functions#v0.14.4",
            "dev": true
        }
    }
}
