{
    "name": "style-objects",
    "version": "0.13.0",
    "lockfileVersion": 1,
    "requires": true,
    "dependencies": {
        "standard-functions": {
            "version": "github:sekwiatkowski/standard-functions#0529c8be86172d7319a5397edf9835494000e35e",
            "from": "github:sekwiatkowski/standard-functions#v0.21.0"
        }
    }
}
