{
    "name": "style-objects",
    "version": "0.22.0",
    "lockfileVersion": 2,
    "requires": true,
    "packages": {
        "": {
            "version": "0.22.0",
            "dependencies": {
                "standard-functions": "github:sekwiatkowski/standard-functions#v0.31.2"
            }
        },
        "node_modules/standard-functions": {
            "version": "0.23.3",
            "resolved": "git+ssh://git@github.com/sekwiatkowski/standard-functions.git#3d2e15dd94e21675401114d3463ae67a9868d6b5",
            "integrity": "sha512-wzdp5VmT0OwRx8Roi+d9A9m6hJgPAOfNgAPmPnJcYYuc6sqUlGtmqfwZ7GJB3RWqz+kH5ew9TrOvw1dPE9dP5w=="
        }
    },
    "dependencies": {
        "standard-functions": {
            "version": "git+ssh://git@github.com/sekwiatkowski/standard-functions.git#3d2e15dd94e21675401114d3463ae67a9868d6b5",
            "from": "standard-functions@github:sekwiatkowski/standard-functions#v0.31.2"
        }
    }
}
